
Microsoft Visual Studio Solution File, Format Version 12.00
# Visual Studio Version 17
VisualStudioVersion = 17.10.35122.118
MinimumVisualStudioVersion = 10.0.40219.1
Project("{FAE04EC0-301F-11D3-BF4B-00C04F79EFBC}") = "HW24", "HW24\HW24.csproj", "{0181DF9B-9E80-49BA-9BEB-A7578802D1E4}"
EndProject
Global
	GlobalSection(SolutionConfigurationPlatforms) = preSolution
		Debug|Any CPU = Debug|Any CPU
		Release|Any CPU = Release|Any CPU
	EndGlobalSection
	GlobalSection(ProjectConfigurationPlatforms) = postSolution
		{0181DF9B-9E80-49BA-9BEB-A7578802D1E4}.Debug|Any CPU.ActiveCfg = Debug|Any CPU
		{0181DF9B-9E80-49BA-9BEB-A7578802D1E4}.Debug|Any CPU.Build.0 = Debug|Any CPU
		{0181DF9B-9E80-49BA-9BEB-A7578802D1E4}.Release|Any CPU.ActiveCfg = Release|Any CPU
		{0181DF9B-9E80-49BA-9BEB-A7578802D1E4}.Release|Any CPU.Build.0 = Release|Any CPU
	EndGlobalSection
	GlobalSection(SolutionProperties) = preSolution
		HideSolutionNode = FALSE
	EndGlobalSection
	GlobalSection(ExtensibilityGlobals) = postSolution
		SolutionGuid = {92E12618-741F-4EB9-A5A5-E7C9850B4083}
	EndGlobalSection
EndGlobal
